
Microsoft Visual Studio Solution File, Format Version 12.00
# Visual Studio Version 17
VisualStudioVersion = 17.7.34024.191
MinimumVisualStudioVersion = 10.0.40219.1
Project("{9A19103F-16F7-4668-BE54-9A1E7A4F7556}") = "ShopUI", "ShopUI\ShopUI.csproj", "{43931B90-D6F6-48CE-9F8B-D184094F7168}"
EndProject
Project("{9A19103F-16F7-4668-BE54-9A1E7A4F7556}") = "ErewhonExposures", "ErewhonExposures\ErewhonExposures.csproj", "{58EBCE36-AA02-45FD-8911-E67F15D7AA42}"
EndProject
Global
	GlobalSection(SolutionConfigurationPlatforms) = preSolution
		Debug|Any CPU = Debug|Any CPU
		Debug|x64 = Debug|x64
		Release|Any CPU = Release|Any CPU
		Release|x64 = Release|x64
	EndGlobalSection
	GlobalSection(ProjectConfigurationPlatforms) = postSolution
		{43931B90-D6F6-48CE-9F8B-D184094F7168}.Debug|Any CPU.ActiveCfg = Debug|x64
		{43931B90-D6F6-48CE-9F8B-D184094F7168}.Debug|Any CPU.Build.0 = Debug|x64
		{43931B90-D6F6-48CE-9F8B-D184094F7168}.Debug|x64.ActiveCfg = Debug|x64
		{43931B90-D6F6-48CE-9F8B-D184094F7168}.Debug|x64.Build.0 = Debug|x64
		{43931B90-D6F6-48CE-9F8B-D184094F7168}.Release|Any CPU.ActiveCfg = Release|x64
		{43931B90-D6F6-48CE-9F8B-D184094F7168}.Release|Any CPU.Build.0 = Release|x64
		{43931B90-D6F6-48CE-9F8B-D184094F7168}.Release|x64.ActiveCfg = Release|x64
		{43931B90-D6F6-48CE-9F8B-D184094F7168}.Release|x64.Build.0 = Release|x64
		{58EBCE36-AA02-45FD-8911-E67F15D7AA42}.Debug|Any CPU.ActiveCfg = Debug|Any CPU
		{58EBCE36-AA02-45FD-8911-E67F15D7AA42}.Debug|Any CPU.Build.0 = Debug|Any CPU
		{58EBCE36-AA02-45FD-8911-E67F15D7AA42}.Debug|x64.ActiveCfg = Debug|x64
		{58EBCE36-AA02-45FD-8911-E67F15D7AA42}.Debug|x64.Build.0 = Debug|x64
		{58EBCE36-AA02-45FD-8911-E67F15D7AA42}.Release|Any CPU.ActiveCfg = Release|x64
		{58EBCE36-AA02-45FD-8911-E67F15D7AA42}.Release|Any CPU.Build.0 = Release|x64
		{58EBCE36-AA02-45FD-8911-E67F15D7AA42}.Release|x64.ActiveCfg = Release|x64
		{58EBCE36-AA02-45FD-8911-E67F15D7AA42}.Release|x64.Build.0 = Release|x64
	EndGlobalSection
	GlobalSection(SolutionProperties) = preSolution
		HideSolutionNode = FALSE
	EndGlobalSection
	GlobalSection(ExtensibilityGlobals) = postSolution
		SolutionGuid = {54EDCAD4-BB88-43F9-96F0-62601C2BA141}
	EndGlobalSection
EndGlobal
